
Microsoft Visual Studio Solution File, Format Version 12.00
# Visual Studio Version 16
VisualStudioVersion = 16.0.30907.101
MinimumVisualStudioVersion = 10.0.40219.1
Project("{9A19103F-16F7-4668-BE54-9A1E7A4F7556}") = "TranscodeMFTTest", "Media Foundation\TranscodeMFTTest\TranscodeMFTTest.csproj", "{564C8B5E-93BD-44DA-8ABF-408920840B19}"
EndProject
Project("{FAE04EC0-301F-11D3-BF4B-00C04F79EFBC}") = "MediaSessionPlaybackTest", "Media Foundation\MediaSessionPlaybackTest\MediaSessionPlaybackTest.csproj", "{72819FF9-663B-45D9-8259-B5ED6F8C1EBC}"
EndProject
Project("{FAE04EC0-301F-11D3-BF4B-00C04F79EFBC}") = "CarenRenderDX11", "CarenRenderDX11\CarenRenderDX11.csproj", "{F822F0A6-46C2-434F-AF66-07132B0780A8}"
EndProject
Global
	GlobalSection(SolutionConfigurationPlatforms) = preSolution
		Debug|Any CPU = Debug|Any CPU
		Debug|x86 = Debug|x86
		Release|Any CPU = Release|Any CPU
		Release|x86 = Release|x86
	EndGlobalSection
	GlobalSection(ProjectConfigurationPlatforms) = postSolution
		{564C8B5E-93BD-44DA-8ABF-408920840B19}.Debug|Any CPU.ActiveCfg = Debug|x86
		{564C8B5E-93BD-44DA-8ABF-408920840B19}.Debug|Any CPU.Build.0 = Debug|x86
		{564C8B5E-93BD-44DA-8ABF-408920840B19}.Debug|x86.ActiveCfg = Debug|x86
		{564C8B5E-93BD-44DA-8ABF-408920840B19}.Debug|x86.Build.0 = Debug|x86
		{564C8B5E-93BD-44DA-8ABF-408920840B19}.Release|Any CPU.ActiveCfg = Release|Any CPU
		{564C8B5E-93BD-44DA-8ABF-408920840B19}.Release|Any CPU.Build.0 = Release|Any CPU
		{564C8B5E-93BD-44DA-8ABF-408920840B19}.Release|x86.ActiveCfg = Release|Any CPU
		{564C8B5E-93BD-44DA-8ABF-408920840B19}.Release|x86.Build.0 = Release|Any CPU
		{72819FF9-663B-45D9-8259-B5ED6F8C1EBC}.Debug|Any CPU.ActiveCfg = Debug|Any CPU
		{72819FF9-663B-45D9-8259-B5ED6F8C1EBC}.Debug|Any CPU.Build.0 = Debug|Any CPU
		{72819FF9-663B-45D9-8259-B5ED6F8C1EBC}.Debug|x86.ActiveCfg = Debug|x86
		{72819FF9-663B-45D9-8259-B5ED6F8C1EBC}.Debug|x86.Build.0 = Debug|x86
		{72819FF9-663B-45D9-8259-B5ED6F8C1EBC}.Release|Any CPU.ActiveCfg = Release|Any CPU
		{72819FF9-663B-45D9-8259-B5ED6F8C1EBC}.Release|Any CPU.Build.0 = Release|Any CPU
		{72819FF9-663B-45D9-8259-B5ED6F8C1EBC}.Release|x86.ActiveCfg = Release|Any CPU
		{72819FF9-663B-45D9-8259-B5ED6F8C1EBC}.Release|x86.Build.0 = Release|Any CPU
		{F822F0A6-46C2-434F-AF66-07132B0780A8}.Debug|Any CPU.ActiveCfg = Debug|Any CPU
		{F822F0A6-46C2-434F-AF66-07132B0780A8}.Debug|Any CPU.Build.0 = Debug|Any CPU
		{F822F0A6-46C2-434F-AF66-07132B0780A8}.Debug|x86.ActiveCfg = Debug|Any CPU
		{F822F0A6-46C2-434F-AF66-07132B0780A8}.Debug|x86.Build.0 = Debug|Any CPU
		{F822F0A6-46C2-434F-AF66-07132B0780A8}.Release|Any CPU.ActiveCfg = Release|Any CPU
		{F822F0A6-46C2-434F-AF66-07132B0780A8}.Release|Any CPU.Build.0 = Release|Any CPU
		{F822F0A6-46C2-434F-AF66-07132B0780A8}.Release|x86.ActiveCfg = Release|Any CPU
		{F822F0A6-46C2-434F-AF66-07132B0780A8}.Release|x86.Build.0 = Release|Any CPU
	EndGlobalSection
	GlobalSection(SolutionProperties) = preSolution
		HideSolutionNode = FALSE
	EndGlobalSection
	GlobalSection(ExtensibilityGlobals) = postSolution
		SolutionGuid = {0E18E066-89A8-4CEC-848B-0B82989ABC64}
	EndGlobalSection
EndGlobal
